# This file was autogenerated by Stack.
# You should not edit this file by hand.
# For more information, please see the documentation at:
#   https://docs.haskellstack.org/en/stable/lock_files

packages:
- completed:
    hackage: strip-ansi-escape-0.1.0.0@sha256:08f2ed93b16086a837ec46eab7ce8d27cf39d47783caaeb818878ea33c2ff75f,1628
    pantry-tree:
      sha256: cf7712453587e8ea69b96f33e2e8015c22d3b448259d4cace663cc15657309d7
      size: 671
  original:
    hackage: strip-ansi-escape-0.1.0.0@sha256:08f2ed93b16086a837ec46eab7ce8d27cf39d47783caaeb818878ea33c2ff75f,1628
snapshots:
- completed:
    sha256: adbc602422dde10cc330175da7de8609e70afc41449a7e2d6e8b1827aa0e5008
    size: 649342
    url: https://raw.githubusercontent.com/commercialhaskell/stackage-snapshots/master/lts/20/11.yaml
  original: lts-20.11
